
Microsoft Visual Studio Solution File, Format Version 12.00
# Visual Studio Version 17
VisualStudioVersion = 17.14.36623.8 d17.14
MinimumVisualStudioVersion = 10.0.40219.1
Project("{FAE04EC0-301F-11D3-BF4B-00C04F79EFBC}") = "MauiPrjekt", "MauiPrjekt\MauiPrjekt.csproj", "{296B6D92-38B0-4569-8C8B-4FB88916ED3B}"
EndProject
Global
	GlobalSection(SolutionConfigurationPlatforms) = preSolution
		Debug|Any CPU = Debug|Any CPU
		Release|Any CPU = Release|Any CPU
	EndGlobalSection
	GlobalSection(ProjectConfigurationPlatforms) = postSolution
		{296B6D92-38B0-4569-8C8B-4FB88916ED3B}.Debug|Any CPU.ActiveCfg = Debug|Any CPU
		{296B6D92-38B0-4569-8C8B-4FB88916ED3B}.Debug|Any CPU.Build.0 = Debug|Any CPU
		{296B6D92-38B0-4569-8C8B-4FB88916ED3B}.Debug|Any CPU.Deploy.0 = Debug|Any CPU
		{296B6D92-38B0-4569-8C8B-4FB88916ED3B}.Release|Any CPU.ActiveCfg = Release|Any CPU
		{296B6D92-38B0-4569-8C8B-4FB88916ED3B}.Release|Any CPU.Build.0 = Release|Any CPU
		{296B6D92-38B0-4569-8C8B-4FB88916ED3B}.Release|Any CPU.Deploy.0 = Release|Any CPU
	EndGlobalSection
	GlobalSection(SolutionProperties) = preSolution
		HideSolutionNode = FALSE
	EndGlobalSection
	GlobalSection(ExtensibilityGlobals) = postSolution
		SolutionGuid = {E7278879-070B-4365-8CA3-6450924BCBFB}
	EndGlobalSection
EndGlobal
